
Microsoft Visual Studio Solution File, Format Version 12.00
# Visual Studio Version 17
VisualStudioVersion = 17.0.32126.317
MinimumVisualStudioVersion = 10.0.40219.1
Project("{2150E333-8FDC-42A3-9474-1A3956D46DE8}") = "Solution Items", "Solution Items", "{10AE7A06-A9BB-4F6D-8048-66A5FBFB22B4}"
	ProjectSection(SolutionItems) = preProject
		.gitignore = .gitignore
		README.md = README.md
	EndProjectSection
EndProject
Project("{2150E333-8FDC-42A3-9474-1A3956D46DE8}") = "Documentation", "Documentation", "{78236B65-2DDC-47F6-9BCC-8DF2BA0DF521}"
	ProjectSection(SolutionItems) = preProject
		Documentation\a.txt = Documentation\a.txt
	EndProjectSection
EndProject
Project("{2150E333-8FDC-42A3-9474-1A3956D46DE8}") = "Source", "Source", "{97C14CE4-9511-42DE-B119-8E061650DE68}"
EndProject
Project("{2150E333-8FDC-42A3-9474-1A3956D46DE8}") = "Common", "Common", "{E8C46BA9-F524-438C-A797-28077485387B}"
EndProject
Project("{9A19103F-16F7-4668-BE54-9A1E7A4F7556}") = "HeaderFooter.Lib", "Source\Common\HeaderFooter.Lib\HeaderFooter.Lib.csproj", "{2CEF385B-DCD3-45A9-BB9F-B8E61F2AF69C}"
EndProject
Project("{9A19103F-16F7-4668-BE54-9A1E7A4F7556}") = "NameGenerator.Lib", "Source\Common\NameGenerator.Lib\NameGenerator.Lib.csproj", "{39101DF9-5E9D-44AF-B361-68397DDCDDD3}"
EndProject
Project("{2150E333-8FDC-42A3-9474-1A3956D46DE8}") = "ArrayDemos", "ArrayDemos", "{0EA2FA28-936C-4A2D-A544-8659F9572428}"
EndProject
Project("{9A19103F-16F7-4668-BE54-9A1E7A4F7556}") = "NamesArrayDemo.Lib", "Source\ArrayDemos\NamesArrayDemo.Lib\NamesArrayDemo.Lib.csproj", "{B39EC35C-8DED-4395-9AB3-091EF4DC720E}"
EndProject
Project("{9A19103F-16F7-4668-BE54-9A1E7A4F7556}") = "ArrayDemos.Run", "Source\ArrayDemos\ArrayDemos.Run\ArrayDemos.Run.csproj", "{B06D129E-2434-4387-AF92-B278A45B764F}"
EndProject
Project("{FAE04EC0-301F-11D3-BF4B-00C04F79EFBC}") = "NamesArrayDemo.Tests", "Source\ArrayDemos\NamesArrayDemo.Tests\NamesArrayDemo.Tests.csproj", "{7DC6609A-A35F-4F10-A331-E92FEDCA1E7A}"
EndProject
Global
	GlobalSection(SolutionConfigurationPlatforms) = preSolution
		Debug|Any CPU = Debug|Any CPU
		Release|Any CPU = Release|Any CPU
	EndGlobalSection
	GlobalSection(ProjectConfigurationPlatforms) = postSolution
		{2CEF385B-DCD3-45A9-BB9F-B8E61F2AF69C}.Debug|Any CPU.ActiveCfg = Debug|Any CPU
		{2CEF385B-DCD3-45A9-BB9F-B8E61F2AF69C}.Debug|Any CPU.Build.0 = Debug|Any CPU
		{2CEF385B-DCD3-45A9-BB9F-B8E61F2AF69C}.Release|Any CPU.ActiveCfg = Release|Any CPU
		{2CEF385B-DCD3-45A9-BB9F-B8E61F2AF69C}.Release|Any CPU.Build.0 = Release|Any CPU
		{39101DF9-5E9D-44AF-B361-68397DDCDDD3}.Debug|Any CPU.ActiveCfg = Debug|Any CPU
		{39101DF9-5E9D-44AF-B361-68397DDCDDD3}.Debug|Any CPU.Build.0 = Debug|Any CPU
		{39101DF9-5E9D-44AF-B361-68397DDCDDD3}.Release|Any CPU.ActiveCfg = Release|Any CPU
		{39101DF9-5E9D-44AF-B361-68397DDCDDD3}.Release|Any CPU.Build.0 = Release|Any CPU
		{B39EC35C-8DED-4395-9AB3-091EF4DC720E}.Debug|Any CPU.ActiveCfg = Debug|Any CPU
		{B39EC35C-8DED-4395-9AB3-091EF4DC720E}.Debug|Any CPU.Build.0 = Debug|Any CPU
		{B39EC35C-8DED-4395-9AB3-091EF4DC720E}.Release|Any CPU.ActiveCfg = Release|Any CPU
		{B39EC35C-8DED-4395-9AB3-091EF4DC720E}.Release|Any CPU.Build.0 = Release|Any CPU
		{B06D129E-2434-4387-AF92-B278A45B764F}.Debug|Any CPU.ActiveCfg = Debug|Any CPU
		{B06D129E-2434-4387-AF92-B278A45B764F}.Debug|Any CPU.Build.0 = Debug|Any CPU
		{B06D129E-2434-4387-AF92-B278A45B764F}.Release|Any CPU.ActiveCfg = Release|Any CPU
		{B06D129E-2434-4387-AF92-B278A45B764F}.Release|Any CPU.Build.0 = Release|Any CPU
		{7DC6609A-A35F-4F10-A331-E92FEDCA1E7A}.Debug|Any CPU.ActiveCfg = Debug|Any CPU
		{7DC6609A-A35F-4F10-A331-E92FEDCA1E7A}.Debug|Any CPU.Build.0 = Debug|Any CPU
		{7DC6609A-A35F-4F10-A331-E92FEDCA1E7A}.Release|Any CPU.ActiveCfg = Release|Any CPU
		{7DC6609A-A35F-4F10-A331-E92FEDCA1E7A}.Release|Any CPU.Build.0 = Release|Any CPU
	EndGlobalSection
	GlobalSection(SolutionProperties) = preSolution
		HideSolutionNode = FALSE
	EndGlobalSection
	GlobalSection(NestedProjects) = preSolution
		{E8C46BA9-F524-438C-A797-28077485387B} = {97C14CE4-9511-42DE-B119-8E061650DE68}
		{2CEF385B-DCD3-45A9-BB9F-B8E61F2AF69C} = {E8C46BA9-F524-438C-A797-28077485387B}
		{39101DF9-5E9D-44AF-B361-68397DDCDDD3} = {E8C46BA9-F524-438C-A797-28077485387B}
		{0EA2FA28-936C-4A2D-A544-8659F9572428} = {97C14CE4-9511-42DE-B119-8E061650DE68}
		{B39EC35C-8DED-4395-9AB3-091EF4DC720E} = {0EA2FA28-936C-4A2D-A544-8659F9572428}
		{B06D129E-2434-4387-AF92-B278A45B764F} = {0EA2FA28-936C-4A2D-A544-8659F9572428}
		{7DC6609A-A35F-4F10-A331-E92FEDCA1E7A} = {0EA2FA28-936C-4A2D-A544-8659F9572428}
	EndGlobalSection
	GlobalSection(ExtensibilityGlobals) = postSolution
		SolutionGuid = {E51232FB-2FFF-4688-BAE1-46D51E8593A6}
	EndGlobalSection
EndGlobal
