
Microsoft Visual Studio Solution File, Format Version 12.00
# Visual Studio Version 17
VisualStudioVersion = 17.0.31903.59
MinimumVisualStudioVersion = 10.0.40219.1
Project("{2150E333-8FDC-42A3-9474-1A3956D46DE8}") = "Behavioral", "Behavioral", "{6DE2D09C-6C24-4EA4-8DC1-AE15C7B8595A}"
EndProject
Project("{2150E333-8FDC-42A3-9474-1A3956D46DE8}") = "Creational", "Creational", "{C25714BC-E4A1-4D93-9296-49543ED9DC43}"
EndProject
Project("{2150E333-8FDC-42A3-9474-1A3956D46DE8}") = "Structural", "Structural", "{F281A9BF-6C34-424D-8167-FC1A6C9CC83B}"
EndProject
Project("{2150E333-8FDC-42A3-9474-1A3956D46DE8}") = "Solution Items", "Solution Items", "{F8CBAE08-1DE0-40AD-A4B9-59F3336BB4A5}"
	ProjectSection(SolutionItems) = preProject
		.gitignore = .gitignore
		README.md = README.md
	EndProjectSection
EndProject
Project("{2150E333-8FDC-42A3-9474-1A3956D46DE8}") = "Builder", "Builder", "{A7FB9DD9-6D3A-4A61-8310-0284E9C4E204}"
EndProject
Project("{9A19103F-16F7-4668-BE54-9A1E7A4F7556}") = "Products.Inventory", "Creational\Builder\Products.Inventory\Products.Inventory.csproj", "{9973F247-F92A-4D45-961E-A3AB4735734B}"
EndProject
Project("{2150E333-8FDC-42A3-9474-1A3956D46DE8}") = "Common", "Common", "{458C15EA-C215-45D5-823B-725BAC41B41F}"
EndProject
Project("{9A19103F-16F7-4668-BE54-9A1E7A4F7556}") = "HeaderUtility", "Common\HeaderUtility\HeaderUtility.csproj", "{53A13366-FE2F-4CED-B016-ABE63983A13A}"
EndProject
Project("{9A19103F-16F7-4668-BE54-9A1E7A4F7556}") = "FooterUtility", "Common\FooterUtility\FooterUtility.csproj", "{A87E8A02-AE2C-4D82-931C-2AA3384BF03D}"
EndProject
Project("{2150E333-8FDC-42A3-9474-1A3956D46DE8}") = "Prototype", "Prototype", "{C88F7D94-2716-453D-9F3C-64219746BA7E}"
EndProject
Project("{9A19103F-16F7-4668-BE54-9A1E7A4F7556}") = "ProductsOrder", "Creational\Prototype\ProductsOrder\ProductsOrder.csproj", "{B8C8B55C-FF9E-4953-922C-CB91F6EA0353}"
EndProject
Project("{2150E333-8FDC-42A3-9474-1A3956D46DE8}") = "FactoryMethod", "FactoryMethod", "{D363A02B-488D-4987-A11D-03D31A9499C4}"
EndProject
Project("{FAE04EC0-301F-11D3-BF4B-00C04F79EFBC}") = "ShoppingCart.FactoryMethod", "Creational\FactoryMethod\ShoppingCart\ShoppingCart.FactoryMethod\ShoppingCart.FactoryMethod.csproj", "{1D4CF1DF-83AA-4D6A-9A2C-587D73AD233D}"
EndProject
Global
	GlobalSection(SolutionConfigurationPlatforms) = preSolution
		Debug|Any CPU = Debug|Any CPU
		Release|Any CPU = Release|Any CPU
	EndGlobalSection
	GlobalSection(ProjectConfigurationPlatforms) = postSolution
		{9973F247-F92A-4D45-961E-A3AB4735734B}.Debug|Any CPU.ActiveCfg = Debug|Any CPU
		{9973F247-F92A-4D45-961E-A3AB4735734B}.Debug|Any CPU.Build.0 = Debug|Any CPU
		{9973F247-F92A-4D45-961E-A3AB4735734B}.Release|Any CPU.ActiveCfg = Release|Any CPU
		{9973F247-F92A-4D45-961E-A3AB4735734B}.Release|Any CPU.Build.0 = Release|Any CPU
		{53A13366-FE2F-4CED-B016-ABE63983A13A}.Debug|Any CPU.ActiveCfg = Debug|Any CPU
		{53A13366-FE2F-4CED-B016-ABE63983A13A}.Debug|Any CPU.Build.0 = Debug|Any CPU
		{53A13366-FE2F-4CED-B016-ABE63983A13A}.Release|Any CPU.ActiveCfg = Release|Any CPU
		{53A13366-FE2F-4CED-B016-ABE63983A13A}.Release|Any CPU.Build.0 = Release|Any CPU
		{A87E8A02-AE2C-4D82-931C-2AA3384BF03D}.Debug|Any CPU.ActiveCfg = Debug|Any CPU
		{A87E8A02-AE2C-4D82-931C-2AA3384BF03D}.Debug|Any CPU.Build.0 = Debug|Any CPU
		{A87E8A02-AE2C-4D82-931C-2AA3384BF03D}.Release|Any CPU.ActiveCfg = Release|Any CPU
		{A87E8A02-AE2C-4D82-931C-2AA3384BF03D}.Release|Any CPU.Build.0 = Release|Any CPU
		{B8C8B55C-FF9E-4953-922C-CB91F6EA0353}.Debug|Any CPU.ActiveCfg = Debug|Any CPU
		{B8C8B55C-FF9E-4953-922C-CB91F6EA0353}.Debug|Any CPU.Build.0 = Debug|Any CPU
		{B8C8B55C-FF9E-4953-922C-CB91F6EA0353}.Release|Any CPU.ActiveCfg = Release|Any CPU
		{B8C8B55C-FF9E-4953-922C-CB91F6EA0353}.Release|Any CPU.Build.0 = Release|Any CPU
		{1D4CF1DF-83AA-4D6A-9A2C-587D73AD233D}.Debug|Any CPU.ActiveCfg = Debug|Any CPU
		{1D4CF1DF-83AA-4D6A-9A2C-587D73AD233D}.Debug|Any CPU.Build.0 = Debug|Any CPU
		{1D4CF1DF-83AA-4D6A-9A2C-587D73AD233D}.Release|Any CPU.ActiveCfg = Release|Any CPU
		{1D4CF1DF-83AA-4D6A-9A2C-587D73AD233D}.Release|Any CPU.Build.0 = Release|Any CPU
	EndGlobalSection
	GlobalSection(SolutionProperties) = preSolution
		HideSolutionNode = FALSE
	EndGlobalSection
	GlobalSection(NestedProjects) = preSolution
		{A7FB9DD9-6D3A-4A61-8310-0284E9C4E204} = {C25714BC-E4A1-4D93-9296-49543ED9DC43}
		{9973F247-F92A-4D45-961E-A3AB4735734B} = {A7FB9DD9-6D3A-4A61-8310-0284E9C4E204}
		{53A13366-FE2F-4CED-B016-ABE63983A13A} = {458C15EA-C215-45D5-823B-725BAC41B41F}
		{A87E8A02-AE2C-4D82-931C-2AA3384BF03D} = {458C15EA-C215-45D5-823B-725BAC41B41F}
		{C88F7D94-2716-453D-9F3C-64219746BA7E} = {C25714BC-E4A1-4D93-9296-49543ED9DC43}
		{B8C8B55C-FF9E-4953-922C-CB91F6EA0353} = {C88F7D94-2716-453D-9F3C-64219746BA7E}
		{D363A02B-488D-4987-A11D-03D31A9499C4} = {C25714BC-E4A1-4D93-9296-49543ED9DC43}
		{1D4CF1DF-83AA-4D6A-9A2C-587D73AD233D} = {D363A02B-488D-4987-A11D-03D31A9499C4}
	EndGlobalSection
	GlobalSection(ExtensibilityGlobals) = postSolution
		SolutionGuid = {A276F127-7E75-49A9-B84E-2F2BBBE50D51}
	EndGlobalSection
EndGlobal
