
Microsoft Visual Studio Solution File, Format Version 12.00
# Visual Studio Version 17
VisualStudioVersion = 17.3.32825.248
MinimumVisualStudioVersion = 10.0.40219.1
Project("{2150E333-8FDC-42A3-9474-1A3956D46DE8}") = "Source", "Source", "{0FEE9DF0-539D-43FC-8C12-15F1A8EB629A}"
EndProject
Project("{2150E333-8FDC-42A3-9474-1A3956D46DE8}") = "Behavioral", "Behavioral", "{80464B37-B9DE-4CD0-A934-2C106FB4F79C}"
EndProject
Project("{2150E333-8FDC-42A3-9474-1A3956D46DE8}") = "NullObject", "NullObject", "{6C6BEB94-C619-4A57-8A15-9EC734E98E0F}"
EndProject
Project("{FAE04EC0-301F-11D3-BF4B-00C04F79EFBC}") = "LearnersDemo", "Source\Behavioral\NullObject\LearnersDemo\LearnersDemo.csproj", "{15FE0FF2-7840-49EA-AC95-3981E930D274}"
EndProject
Global
	GlobalSection(SolutionConfigurationPlatforms) = preSolution
		Debug|Any CPU = Debug|Any CPU
		Release|Any CPU = Release|Any CPU
	EndGlobalSection
	GlobalSection(ProjectConfigurationPlatforms) = postSolution
		{15FE0FF2-7840-49EA-AC95-3981E930D274}.Debug|Any CPU.ActiveCfg = Debug|Any CPU
		{15FE0FF2-7840-49EA-AC95-3981E930D274}.Debug|Any CPU.Build.0 = Debug|Any CPU
		{15FE0FF2-7840-49EA-AC95-3981E930D274}.Release|Any CPU.ActiveCfg = Release|Any CPU
		{15FE0FF2-7840-49EA-AC95-3981E930D274}.Release|Any CPU.Build.0 = Release|Any CPU
	EndGlobalSection
	GlobalSection(SolutionProperties) = preSolution
		HideSolutionNode = FALSE
	EndGlobalSection
	GlobalSection(NestedProjects) = preSolution
		{80464B37-B9DE-4CD0-A934-2C106FB4F79C} = {0FEE9DF0-539D-43FC-8C12-15F1A8EB629A}
		{6C6BEB94-C619-4A57-8A15-9EC734E98E0F} = {80464B37-B9DE-4CD0-A934-2C106FB4F79C}
		{15FE0FF2-7840-49EA-AC95-3981E930D274} = {6C6BEB94-C619-4A57-8A15-9EC734E98E0F}
	EndGlobalSection
	GlobalSection(ExtensibilityGlobals) = postSolution
		SolutionGuid = {3E1F8916-962D-4485-AB0F-AC9833C7577F}
	EndGlobalSection
EndGlobal
