
Microsoft Visual Studio Solution File, Format Version 12.00
# Visual Studio Version 17
VisualStudioVersion = 17.3.32825.248
MinimumVisualStudioVersion = 10.0.40219.1
Project("{2150E333-8FDC-42A3-9474-1A3956D46DE8}") = "Source", "Source", "{0FEE9DF0-539D-43FC-8C12-15F1A8EB629A}"
EndProject
Project("{2150E333-8FDC-42A3-9474-1A3956D46DE8}") = "Behavioral", "Behavioral", "{80464B37-B9DE-4CD0-A934-2C106FB4F79C}"
EndProject
Project("{2150E333-8FDC-42A3-9474-1A3956D46DE8}") = "NullObject", "NullObject", "{6C6BEB94-C619-4A57-8A15-9EC734E98E0F}"
EndProject
Project("{9A19103F-16F7-4668-BE54-9A1E7A4F7556}") = "LearnersDemo", "Source\Behavioral\NullObject\LearnersDemo\LearnersDemo.csproj", "{15FE0FF2-7840-49EA-AC95-3981E930D274}"
EndProject
Project("{2150E333-8FDC-42A3-9474-1A3956D46DE8}") = "Singleton", "Singleton", "{ECFF69F8-FDB6-4984-86A6-F90BE251D0F5}"
EndProject
Project("{2150E333-8FDC-42A3-9474-1A3956D46DE8}") = "Creational", "Creational", "{3EAB341A-B9BC-4BB5-94D7-41419F28487B}"
EndProject
Project("{9A19103F-16F7-4668-BE54-9A1E7A4F7556}") = "LoggerDemo", "Source\Creational\Singleton\LoggerDemo\LoggerDemo.csproj", "{DFD27849-FF50-4C19-840B-C86E6F2F917C}"
EndProject
Project("{2150E333-8FDC-42A3-9474-1A3956D46DE8}") = "FactoryMethod", "FactoryMethod", "{D861C5CA-AADB-4B99-B25C-DDC7D38C08C5}"
EndProject
Project("{9A19103F-16F7-4668-BE54-9A1E7A4F7556}") = "DiscountFactoryDemo", "Source\Creational\FactoryMethod\DiscountFactoryDemo\DiscountFactoryDemo.csproj", "{2F76FA3F-E166-4653-AE36-4E9E2952D150}"
EndProject
Project("{2150E333-8FDC-42A3-9474-1A3956D46DE8}") = "AbstractFactory", "AbstractFactory", "{9B238FF3-5400-418A-8449-2D5DE9375CAA}"
EndProject
Project("{9A19103F-16F7-4668-BE54-9A1E7A4F7556}") = "ShoppingCartDemo", "Source\Creational\AbstractFactory\ShoppingCartDemo\ShoppingCartDemo.csproj", "{DD77C766-C92E-44ED-A9BC-F1EA4D8A2A4A}"
EndProject
Project("{2150E333-8FDC-42A3-9474-1A3956D46DE8}") = "Builder", "Builder", "{A86146C6-D719-4DBE-A313-005BD34B152A}"
EndProject
Project("{9A19103F-16F7-4668-BE54-9A1E7A4F7556}") = "GarageDemo", "Source\Creational\Builder\GarageDemo\GarageDemo.csproj", "{3B9D1F1D-63F6-4008-AE93-15CA97E9BD38}"
EndProject
Project("{2150E333-8FDC-42A3-9474-1A3956D46DE8}") = "Prototype", "Prototype", "{B0A7D5CC-9E6F-483F-96C1-E1F5A5C9FA3D}"
EndProject
Project("{9A19103F-16F7-4668-BE54-9A1E7A4F7556}") = "PersonDemo", "Source\Creational\Prototype\PersonDemo\PersonDemo.csproj", "{8DDE7746-54D5-414F-BFC5-C2F53FCADDD3}"
EndProject
Project("{2150E333-8FDC-42A3-9474-1A3956D46DE8}") = "Structural", "Structural", "{D8A00610-C8EA-4651-89D0-2FAB3A2B774E}"
EndProject
Project("{2150E333-8FDC-42A3-9474-1A3956D46DE8}") = "Adapter", "Adapter", "{8CD0570F-16A8-45C6-8D72-E4FFDC8D7591}"
EndProject
Project("{FAE04EC0-301F-11D3-BF4B-00C04F79EFBC}") = "CityObjectAdapterDemo", "Source\Structural\Adapter\CityObjectAdapterDemo\CityObjectAdapterDemo.csproj", "{617097A3-B527-4553-BD2A-CA3C128DFA4F}"
EndProject
Project("{FAE04EC0-301F-11D3-BF4B-00C04F79EFBC}") = "CityClassAdapterDemo", "Source\Structural\Adapter\CityClassAdapterDemo\CityClassAdapterDemo.csproj", "{B1008244-455B-4FAF-B968-A230D0A188C8}"
EndProject
Project("{9A19103F-16F7-4668-BE54-9A1E7A4F7556}") = "CityAdapterData", "Source\Structural\Adapter\CityAdapterData\CityAdapterData.csproj", "{0B114659-B408-4F85-A791-59D4672363BB}"
EndProject
Global
	GlobalSection(SolutionConfigurationPlatforms) = preSolution
		Debug|Any CPU = Debug|Any CPU
		Release|Any CPU = Release|Any CPU
	EndGlobalSection
	GlobalSection(ProjectConfigurationPlatforms) = postSolution
		{15FE0FF2-7840-49EA-AC95-3981E930D274}.Debug|Any CPU.ActiveCfg = Debug|Any CPU
		{15FE0FF2-7840-49EA-AC95-3981E930D274}.Debug|Any CPU.Build.0 = Debug|Any CPU
		{15FE0FF2-7840-49EA-AC95-3981E930D274}.Release|Any CPU.ActiveCfg = Release|Any CPU
		{15FE0FF2-7840-49EA-AC95-3981E930D274}.Release|Any CPU.Build.0 = Release|Any CPU
		{DFD27849-FF50-4C19-840B-C86E6F2F917C}.Debug|Any CPU.ActiveCfg = Debug|Any CPU
		{DFD27849-FF50-4C19-840B-C86E6F2F917C}.Debug|Any CPU.Build.0 = Debug|Any CPU
		{DFD27849-FF50-4C19-840B-C86E6F2F917C}.Release|Any CPU.ActiveCfg = Release|Any CPU
		{DFD27849-FF50-4C19-840B-C86E6F2F917C}.Release|Any CPU.Build.0 = Release|Any CPU
		{2F76FA3F-E166-4653-AE36-4E9E2952D150}.Debug|Any CPU.ActiveCfg = Debug|Any CPU
		{2F76FA3F-E166-4653-AE36-4E9E2952D150}.Debug|Any CPU.Build.0 = Debug|Any CPU
		{2F76FA3F-E166-4653-AE36-4E9E2952D150}.Release|Any CPU.ActiveCfg = Release|Any CPU
		{2F76FA3F-E166-4653-AE36-4E9E2952D150}.Release|Any CPU.Build.0 = Release|Any CPU
		{DD77C766-C92E-44ED-A9BC-F1EA4D8A2A4A}.Debug|Any CPU.ActiveCfg = Debug|Any CPU
		{DD77C766-C92E-44ED-A9BC-F1EA4D8A2A4A}.Debug|Any CPU.Build.0 = Debug|Any CPU
		{DD77C766-C92E-44ED-A9BC-F1EA4D8A2A4A}.Release|Any CPU.ActiveCfg = Release|Any CPU
		{DD77C766-C92E-44ED-A9BC-F1EA4D8A2A4A}.Release|Any CPU.Build.0 = Release|Any CPU
		{3B9D1F1D-63F6-4008-AE93-15CA97E9BD38}.Debug|Any CPU.ActiveCfg = Debug|Any CPU
		{3B9D1F1D-63F6-4008-AE93-15CA97E9BD38}.Debug|Any CPU.Build.0 = Debug|Any CPU
		{3B9D1F1D-63F6-4008-AE93-15CA97E9BD38}.Release|Any CPU.ActiveCfg = Release|Any CPU
		{3B9D1F1D-63F6-4008-AE93-15CA97E9BD38}.Release|Any CPU.Build.0 = Release|Any CPU
		{8DDE7746-54D5-414F-BFC5-C2F53FCADDD3}.Debug|Any CPU.ActiveCfg = Debug|Any CPU
		{8DDE7746-54D5-414F-BFC5-C2F53FCADDD3}.Debug|Any CPU.Build.0 = Debug|Any CPU
		{8DDE7746-54D5-414F-BFC5-C2F53FCADDD3}.Release|Any CPU.ActiveCfg = Release|Any CPU
		{8DDE7746-54D5-414F-BFC5-C2F53FCADDD3}.Release|Any CPU.Build.0 = Release|Any CPU
		{617097A3-B527-4553-BD2A-CA3C128DFA4F}.Debug|Any CPU.ActiveCfg = Debug|Any CPU
		{617097A3-B527-4553-BD2A-CA3C128DFA4F}.Debug|Any CPU.Build.0 = Debug|Any CPU
		{617097A3-B527-4553-BD2A-CA3C128DFA4F}.Release|Any CPU.ActiveCfg = Release|Any CPU
		{617097A3-B527-4553-BD2A-CA3C128DFA4F}.Release|Any CPU.Build.0 = Release|Any CPU
		{B1008244-455B-4FAF-B968-A230D0A188C8}.Debug|Any CPU.ActiveCfg = Debug|Any CPU
		{B1008244-455B-4FAF-B968-A230D0A188C8}.Debug|Any CPU.Build.0 = Debug|Any CPU
		{B1008244-455B-4FAF-B968-A230D0A188C8}.Release|Any CPU.ActiveCfg = Release|Any CPU
		{B1008244-455B-4FAF-B968-A230D0A188C8}.Release|Any CPU.Build.0 = Release|Any CPU
		{0B114659-B408-4F85-A791-59D4672363BB}.Debug|Any CPU.ActiveCfg = Debug|Any CPU
		{0B114659-B408-4F85-A791-59D4672363BB}.Debug|Any CPU.Build.0 = Debug|Any CPU
		{0B114659-B408-4F85-A791-59D4672363BB}.Release|Any CPU.ActiveCfg = Release|Any CPU
		{0B114659-B408-4F85-A791-59D4672363BB}.Release|Any CPU.Build.0 = Release|Any CPU
	EndGlobalSection
	GlobalSection(SolutionProperties) = preSolution
		HideSolutionNode = FALSE
	EndGlobalSection
	GlobalSection(NestedProjects) = preSolution
		{80464B37-B9DE-4CD0-A934-2C106FB4F79C} = {0FEE9DF0-539D-43FC-8C12-15F1A8EB629A}
		{6C6BEB94-C619-4A57-8A15-9EC734E98E0F} = {80464B37-B9DE-4CD0-A934-2C106FB4F79C}
		{15FE0FF2-7840-49EA-AC95-3981E930D274} = {6C6BEB94-C619-4A57-8A15-9EC734E98E0F}
		{ECFF69F8-FDB6-4984-86A6-F90BE251D0F5} = {3EAB341A-B9BC-4BB5-94D7-41419F28487B}
		{3EAB341A-B9BC-4BB5-94D7-41419F28487B} = {0FEE9DF0-539D-43FC-8C12-15F1A8EB629A}
		{DFD27849-FF50-4C19-840B-C86E6F2F917C} = {ECFF69F8-FDB6-4984-86A6-F90BE251D0F5}
		{D861C5CA-AADB-4B99-B25C-DDC7D38C08C5} = {3EAB341A-B9BC-4BB5-94D7-41419F28487B}
		{2F76FA3F-E166-4653-AE36-4E9E2952D150} = {D861C5CA-AADB-4B99-B25C-DDC7D38C08C5}
		{9B238FF3-5400-418A-8449-2D5DE9375CAA} = {3EAB341A-B9BC-4BB5-94D7-41419F28487B}
		{DD77C766-C92E-44ED-A9BC-F1EA4D8A2A4A} = {9B238FF3-5400-418A-8449-2D5DE9375CAA}
		{A86146C6-D719-4DBE-A313-005BD34B152A} = {3EAB341A-B9BC-4BB5-94D7-41419F28487B}
		{3B9D1F1D-63F6-4008-AE93-15CA97E9BD38} = {A86146C6-D719-4DBE-A313-005BD34B152A}
		{B0A7D5CC-9E6F-483F-96C1-E1F5A5C9FA3D} = {3EAB341A-B9BC-4BB5-94D7-41419F28487B}
		{8DDE7746-54D5-414F-BFC5-C2F53FCADDD3} = {B0A7D5CC-9E6F-483F-96C1-E1F5A5C9FA3D}
		{D8A00610-C8EA-4651-89D0-2FAB3A2B774E} = {0FEE9DF0-539D-43FC-8C12-15F1A8EB629A}
		{8CD0570F-16A8-45C6-8D72-E4FFDC8D7591} = {D8A00610-C8EA-4651-89D0-2FAB3A2B774E}
		{617097A3-B527-4553-BD2A-CA3C128DFA4F} = {8CD0570F-16A8-45C6-8D72-E4FFDC8D7591}
		{B1008244-455B-4FAF-B968-A230D0A188C8} = {8CD0570F-16A8-45C6-8D72-E4FFDC8D7591}
		{0B114659-B408-4F85-A791-59D4672363BB} = {8CD0570F-16A8-45C6-8D72-E4FFDC8D7591}
	EndGlobalSection
	GlobalSection(ExtensibilityGlobals) = postSolution
		SolutionGuid = {3E1F8916-962D-4485-AB0F-AC9833C7577F}
	EndGlobalSection
EndGlobal
