
Microsoft Visual Studio Solution File, Format Version 12.00
# Visual Studio Version 17
VisualStudioVersion = 17.0.32126.317
MinimumVisualStudioVersion = 10.0.40219.1
Project("{2150E333-8FDC-42A3-9474-1A3956D46DE8}") = "Source", "Source", "{E320E06E-BDB5-49E4-B190-84DC6649C1E3}"
EndProject
Project("{2150E333-8FDC-42A3-9474-1A3956D46DE8}") = "Documentation", "Documentation", "{B082D988-7354-4988-9EAD-55A225054370}"
EndProject
Project("{2150E333-8FDC-42A3-9474-1A3956D46DE8}") = "Tests", "Tests", "{6218C1B5-6A9A-42F4-BDC2-46E6A3460525}"
EndProject
Project("{2150E333-8FDC-42A3-9474-1A3956D46DE8}") = "Solution Items", "Solution Items", "{09D5AFF7-034C-43A1-904D-89022F5850F0}"
	ProjectSection(SolutionItems) = preProject
		.gitignore = .gitignore
		README.md = README.md
	EndProjectSection
EndProject
Project("{2150E333-8FDC-42A3-9474-1A3956D46DE8}") = "Generics", "Generics", "{8EF198A6-6612-443D-911A-69B96AF13951}"
EndProject
Project("{9A19103F-16F7-4668-BE54-9A1E7A4F7556}") = "SimpleStack.Lib", "Source\Generics\SimpleStack.Lib\SimpleStack.Lib.csproj", "{7361F29E-B585-43CD-9500-287CDCB78C2C}"
EndProject
Project("{9A19103F-16F7-4668-BE54-9A1E7A4F7556}") = "SimpleStack.App", "Source\Generics\SimpleStack.App\SimpleStack.App.csproj", "{2348A594-AAA6-41BC-A369-1883B99901E2}"
EndProject
Project("{9A19103F-16F7-4668-BE54-9A1E7A4F7556}") = "GenericRepository.Lib", "Source\Generics\GenericRepository.Lib\GenericRepository.Lib.csproj", "{AB32AD43-F2EA-4B89-B623-91DED98D3EA2}"
EndProject
Project("{9A19103F-16F7-4668-BE54-9A1E7A4F7556}") = "GenericRepository.App", "Source\Generics\GenericRepository.App\GenericRepository.App.csproj", "{1ED0AF3A-7B7D-4B26-9C8A-076C41A31A2C}"
EndProject
Project("{2150E333-8FDC-42A3-9474-1A3956D46DE8}") = "Records", "Records", "{877512C5-7C74-4ED4-9888-0B633FF83160}"
EndProject
Project("{FAE04EC0-301F-11D3-BF4B-00C04F79EFBC}") = "ClassesAndRecords", "Source\Records\ClassesAndRecords\ClassesAndRecords.csproj", "{4AE70829-12D1-423D-B054-64C43DDE8B5E}"
EndProject
Project("{FAE04EC0-301F-11D3-BF4B-00C04F79EFBC}") = "Conferences.Demo.Server", "Source\Records\Conferences.Demo\Server\Conferences.Demo.Server.csproj", "{BF497A63-44D3-44C4-B448-AD3116A60BEB}"
EndProject
Project("{FAE04EC0-301F-11D3-BF4B-00C04F79EFBC}") = "Conferences.Demo.Client", "Source\Records\Conferences.Demo\Client\Conferences.Demo.Client.csproj", "{27546B3E-DF91-4C9C-ACBF-818553C46475}"
EndProject
Project("{FAE04EC0-301F-11D3-BF4B-00C04F79EFBC}") = "Conferences.Demo.Shared", "Source\Records\Conferences.Demo\Shared\Conferences.Demo.Shared.csproj", "{557BACA0-DD64-4945-9322-BF108A0620D9}"
EndProject
Global
	GlobalSection(SolutionConfigurationPlatforms) = preSolution
		Debug|Any CPU = Debug|Any CPU
		Release|Any CPU = Release|Any CPU
	EndGlobalSection
	GlobalSection(ProjectConfigurationPlatforms) = postSolution
		{7361F29E-B585-43CD-9500-287CDCB78C2C}.Debug|Any CPU.ActiveCfg = Debug|Any CPU
		{7361F29E-B585-43CD-9500-287CDCB78C2C}.Debug|Any CPU.Build.0 = Debug|Any CPU
		{7361F29E-B585-43CD-9500-287CDCB78C2C}.Release|Any CPU.ActiveCfg = Release|Any CPU
		{7361F29E-B585-43CD-9500-287CDCB78C2C}.Release|Any CPU.Build.0 = Release|Any CPU
		{2348A594-AAA6-41BC-A369-1883B99901E2}.Debug|Any CPU.ActiveCfg = Debug|Any CPU
		{2348A594-AAA6-41BC-A369-1883B99901E2}.Debug|Any CPU.Build.0 = Debug|Any CPU
		{2348A594-AAA6-41BC-A369-1883B99901E2}.Release|Any CPU.ActiveCfg = Release|Any CPU
		{2348A594-AAA6-41BC-A369-1883B99901E2}.Release|Any CPU.Build.0 = Release|Any CPU
		{AB32AD43-F2EA-4B89-B623-91DED98D3EA2}.Debug|Any CPU.ActiveCfg = Debug|Any CPU
		{AB32AD43-F2EA-4B89-B623-91DED98D3EA2}.Debug|Any CPU.Build.0 = Debug|Any CPU
		{AB32AD43-F2EA-4B89-B623-91DED98D3EA2}.Release|Any CPU.ActiveCfg = Release|Any CPU
		{AB32AD43-F2EA-4B89-B623-91DED98D3EA2}.Release|Any CPU.Build.0 = Release|Any CPU
		{1ED0AF3A-7B7D-4B26-9C8A-076C41A31A2C}.Debug|Any CPU.ActiveCfg = Debug|Any CPU
		{1ED0AF3A-7B7D-4B26-9C8A-076C41A31A2C}.Debug|Any CPU.Build.0 = Debug|Any CPU
		{1ED0AF3A-7B7D-4B26-9C8A-076C41A31A2C}.Release|Any CPU.ActiveCfg = Release|Any CPU
		{1ED0AF3A-7B7D-4B26-9C8A-076C41A31A2C}.Release|Any CPU.Build.0 = Release|Any CPU
		{4AE70829-12D1-423D-B054-64C43DDE8B5E}.Debug|Any CPU.ActiveCfg = Debug|Any CPU
		{4AE70829-12D1-423D-B054-64C43DDE8B5E}.Debug|Any CPU.Build.0 = Debug|Any CPU
		{4AE70829-12D1-423D-B054-64C43DDE8B5E}.Release|Any CPU.ActiveCfg = Release|Any CPU
		{4AE70829-12D1-423D-B054-64C43DDE8B5E}.Release|Any CPU.Build.0 = Release|Any CPU
		{BF497A63-44D3-44C4-B448-AD3116A60BEB}.Debug|Any CPU.ActiveCfg = Debug|Any CPU
		{BF497A63-44D3-44C4-B448-AD3116A60BEB}.Debug|Any CPU.Build.0 = Debug|Any CPU
		{BF497A63-44D3-44C4-B448-AD3116A60BEB}.Release|Any CPU.ActiveCfg = Release|Any CPU
		{BF497A63-44D3-44C4-B448-AD3116A60BEB}.Release|Any CPU.Build.0 = Release|Any CPU
		{27546B3E-DF91-4C9C-ACBF-818553C46475}.Debug|Any CPU.ActiveCfg = Debug|Any CPU
		{27546B3E-DF91-4C9C-ACBF-818553C46475}.Debug|Any CPU.Build.0 = Debug|Any CPU
		{27546B3E-DF91-4C9C-ACBF-818553C46475}.Release|Any CPU.ActiveCfg = Release|Any CPU
		{27546B3E-DF91-4C9C-ACBF-818553C46475}.Release|Any CPU.Build.0 = Release|Any CPU
		{557BACA0-DD64-4945-9322-BF108A0620D9}.Debug|Any CPU.ActiveCfg = Debug|Any CPU
		{557BACA0-DD64-4945-9322-BF108A0620D9}.Debug|Any CPU.Build.0 = Debug|Any CPU
		{557BACA0-DD64-4945-9322-BF108A0620D9}.Release|Any CPU.ActiveCfg = Release|Any CPU
		{557BACA0-DD64-4945-9322-BF108A0620D9}.Release|Any CPU.Build.0 = Release|Any CPU
	EndGlobalSection
	GlobalSection(SolutionProperties) = preSolution
		HideSolutionNode = FALSE
	EndGlobalSection
	GlobalSection(NestedProjects) = preSolution
		{8EF198A6-6612-443D-911A-69B96AF13951} = {E320E06E-BDB5-49E4-B190-84DC6649C1E3}
		{7361F29E-B585-43CD-9500-287CDCB78C2C} = {8EF198A6-6612-443D-911A-69B96AF13951}
		{2348A594-AAA6-41BC-A369-1883B99901E2} = {8EF198A6-6612-443D-911A-69B96AF13951}
		{AB32AD43-F2EA-4B89-B623-91DED98D3EA2} = {8EF198A6-6612-443D-911A-69B96AF13951}
		{1ED0AF3A-7B7D-4B26-9C8A-076C41A31A2C} = {8EF198A6-6612-443D-911A-69B96AF13951}
		{877512C5-7C74-4ED4-9888-0B633FF83160} = {E320E06E-BDB5-49E4-B190-84DC6649C1E3}
		{4AE70829-12D1-423D-B054-64C43DDE8B5E} = {877512C5-7C74-4ED4-9888-0B633FF83160}
		{BF497A63-44D3-44C4-B448-AD3116A60BEB} = {877512C5-7C74-4ED4-9888-0B633FF83160}
		{27546B3E-DF91-4C9C-ACBF-818553C46475} = {877512C5-7C74-4ED4-9888-0B633FF83160}
		{557BACA0-DD64-4945-9322-BF108A0620D9} = {877512C5-7C74-4ED4-9888-0B633FF83160}
	EndGlobalSection
	GlobalSection(ExtensibilityGlobals) = postSolution
		SolutionGuid = {597E81B7-D98A-410E-BA51-548186EEE8CF}
	EndGlobalSection
EndGlobal
