
Microsoft Visual Studio Solution File, Format Version 12.00
# Visual Studio Version 17
VisualStudioVersion = 17.0.32014.148
MinimumVisualStudioVersion = 10.0.40219.1
Project("{2150E333-8FDC-42A3-9474-1A3956D46DE8}") = "Solution Items", "Solution Items", "{2BEB8DE9-A557-4379-9C16-74C69C6236F8}"
	ProjectSection(SolutionItems) = preProject
		README.md = README.md
	EndProjectSection
EndProject
Project("{2150E333-8FDC-42A3-9474-1A3956D46DE8}") = "CSharpV7Demos", "CSharpV7Demos", "{2D3C0E7D-FB94-4A1B-9869-98A75424BD96}"
EndProject
Project("{9A19103F-16F7-4668-BE54-9A1E7A4F7556}") = "OutVariablesDemo.Lib", "CSharpV7Demos\OutVariablesDemo.Lib\OutVariablesDemo.Lib.csproj", "{2EA00E2D-DC80-4F65-B50D-D198CFAD85E1}"
EndProject
Project("{9A19103F-16F7-4668-BE54-9A1E7A4F7556}") = "OutVariablesDemo.Run", "CSharpV7Demos\OutVariablesDemo.Run\OutVariablesDemo.Run.csproj", "{C1E15D46-FD1C-4C57-B36F-9EC68D035810}"
EndProject
Project("{9A19103F-16F7-4668-BE54-9A1E7A4F7556}") = "OutVariablesDemo.Tests", "CSharpV7Demos\OutVariablesDemo.Tests\OutVariablesDemo.Tests.csproj", "{61DE9707-10C6-4C43-9440-BA8BD5CCD040}"
EndProject
Project("{2150E333-8FDC-42A3-9474-1A3956D46DE8}") = "QuickPoc", "QuickPoc", "{849AD03D-9E97-4BCE-8B36-9E18B254496B}"
EndProject
Project("{2150E333-8FDC-42A3-9474-1A3956D46DE8}") = "Common", "Common", "{B2EE25DD-1C5E-4B44-812F-C0747DE82075}"
EndProject
Project("{9A19103F-16F7-4668-BE54-9A1E7A4F7556}") = "NameGenerator.Lib", "Common\NameGenerator.Lib\NameGenerator.Lib.csproj", "{9E882B01-841B-4083-B05F-C813D53A3C0C}"
EndProject
Project("{9A19103F-16F7-4668-BE54-9A1E7A4F7556}") = "NameGenerator.Tests", "Common\NameGenerator.Tests\NameGenerator.Tests.csproj", "{FE91667A-9EA2-4B87-A271-1A51D0E20842}"
EndProject
Project("{9A19103F-16F7-4668-BE54-9A1E7A4F7556}") = "HeaderFooter.Lib", "Common\HeaderFooter.Lib\HeaderFooter.Lib.csproj", "{911030F1-0956-4B52-9B61-C1E912CE3320}"
EndProject
Project("{9A19103F-16F7-4668-BE54-9A1E7A4F7556}") = "HeaderFooter.Tests", "Common\HeaderFooter.Tests\HeaderFooter.Tests.csproj", "{14F29013-78D9-416E-AA71-E19BA7F1E380}"
EndProject
Project("{2150E333-8FDC-42A3-9474-1A3956D46DE8}") = "CSharpV2Demos", "CSharpV2Demos", "{0E25ED87-32F2-4355-828C-65E8C2FD094E}"
EndProject
Project("{9A19103F-16F7-4668-BE54-9A1E7A4F7556}") = "ArrayDemo.Lib", "CSharpV2Demos\ArrayDemo.Lib\ArrayDemo.Lib.csproj", "{0C8D7A66-613F-467D-A58B-CBB9D676C25C}"
EndProject
Project("{9A19103F-16F7-4668-BE54-9A1E7A4F7556}") = "ArrayDemo.Run", "CSharpV2Demos\ArrayDemo.Run\ArrayDemo.Run.csproj", "{B64678EE-3493-4A44-9047-B4870C6FB70B}"
EndProject
Project("{9A19103F-16F7-4668-BE54-9A1E7A4F7556}") = "ArrayDemo.Tests", "CSharpV2Demos\ArrayDemo.Tests\ArrayDemo.Tests.csproj", "{C458E529-1860-4063-9B7D-09C07F40D039}"
EndProject
Project("{9A19103F-16F7-4668-BE54-9A1E7A4F7556}") = "QuickPoc", "QuickPoc\QuickPoc.csproj", "{F42A6620-8CED-49A6-87FD-CA7266FAB9B6}"
EndProject
Project("{2150E333-8FDC-42A3-9474-1A3956D46DE8}") = "RunDemos", "RunDemos", "{1EA7D017-6B3C-4FD9-978F-BA6DC1D218D0}"
EndProject
Project("{FAE04EC0-301F-11D3-BF4B-00C04F79EFBC}") = "Demos.Run", "RunDemos\Demos.Run\Demos.Run.csproj", "{CCA61D03-133A-450E-86CE-4E68AED559F3}"
EndProject
Global
	GlobalSection(SolutionConfigurationPlatforms) = preSolution
		Debug|Any CPU = Debug|Any CPU
		Release|Any CPU = Release|Any CPU
	EndGlobalSection
	GlobalSection(ProjectConfigurationPlatforms) = postSolution
		{2EA00E2D-DC80-4F65-B50D-D198CFAD85E1}.Debug|Any CPU.ActiveCfg = Debug|Any CPU
		{2EA00E2D-DC80-4F65-B50D-D198CFAD85E1}.Debug|Any CPU.Build.0 = Debug|Any CPU
		{2EA00E2D-DC80-4F65-B50D-D198CFAD85E1}.Release|Any CPU.ActiveCfg = Release|Any CPU
		{2EA00E2D-DC80-4F65-B50D-D198CFAD85E1}.Release|Any CPU.Build.0 = Release|Any CPU
		{C1E15D46-FD1C-4C57-B36F-9EC68D035810}.Debug|Any CPU.ActiveCfg = Debug|Any CPU
		{C1E15D46-FD1C-4C57-B36F-9EC68D035810}.Debug|Any CPU.Build.0 = Debug|Any CPU
		{C1E15D46-FD1C-4C57-B36F-9EC68D035810}.Release|Any CPU.ActiveCfg = Release|Any CPU
		{C1E15D46-FD1C-4C57-B36F-9EC68D035810}.Release|Any CPU.Build.0 = Release|Any CPU
		{61DE9707-10C6-4C43-9440-BA8BD5CCD040}.Debug|Any CPU.ActiveCfg = Debug|Any CPU
		{61DE9707-10C6-4C43-9440-BA8BD5CCD040}.Debug|Any CPU.Build.0 = Debug|Any CPU
		{61DE9707-10C6-4C43-9440-BA8BD5CCD040}.Release|Any CPU.ActiveCfg = Release|Any CPU
		{61DE9707-10C6-4C43-9440-BA8BD5CCD040}.Release|Any CPU.Build.0 = Release|Any CPU
		{9E882B01-841B-4083-B05F-C813D53A3C0C}.Debug|Any CPU.ActiveCfg = Debug|Any CPU
		{9E882B01-841B-4083-B05F-C813D53A3C0C}.Debug|Any CPU.Build.0 = Debug|Any CPU
		{9E882B01-841B-4083-B05F-C813D53A3C0C}.Release|Any CPU.ActiveCfg = Release|Any CPU
		{9E882B01-841B-4083-B05F-C813D53A3C0C}.Release|Any CPU.Build.0 = Release|Any CPU
		{FE91667A-9EA2-4B87-A271-1A51D0E20842}.Debug|Any CPU.ActiveCfg = Debug|Any CPU
		{FE91667A-9EA2-4B87-A271-1A51D0E20842}.Debug|Any CPU.Build.0 = Debug|Any CPU
		{FE91667A-9EA2-4B87-A271-1A51D0E20842}.Release|Any CPU.ActiveCfg = Release|Any CPU
		{FE91667A-9EA2-4B87-A271-1A51D0E20842}.Release|Any CPU.Build.0 = Release|Any CPU
		{911030F1-0956-4B52-9B61-C1E912CE3320}.Debug|Any CPU.ActiveCfg = Debug|Any CPU
		{911030F1-0956-4B52-9B61-C1E912CE3320}.Debug|Any CPU.Build.0 = Debug|Any CPU
		{911030F1-0956-4B52-9B61-C1E912CE3320}.Release|Any CPU.ActiveCfg = Release|Any CPU
		{911030F1-0956-4B52-9B61-C1E912CE3320}.Release|Any CPU.Build.0 = Release|Any CPU
		{14F29013-78D9-416E-AA71-E19BA7F1E380}.Debug|Any CPU.ActiveCfg = Debug|Any CPU
		{14F29013-78D9-416E-AA71-E19BA7F1E380}.Debug|Any CPU.Build.0 = Debug|Any CPU
		{14F29013-78D9-416E-AA71-E19BA7F1E380}.Release|Any CPU.ActiveCfg = Release|Any CPU
		{14F29013-78D9-416E-AA71-E19BA7F1E380}.Release|Any CPU.Build.0 = Release|Any CPU
		{0C8D7A66-613F-467D-A58B-CBB9D676C25C}.Debug|Any CPU.ActiveCfg = Debug|Any CPU
		{0C8D7A66-613F-467D-A58B-CBB9D676C25C}.Debug|Any CPU.Build.0 = Debug|Any CPU
		{0C8D7A66-613F-467D-A58B-CBB9D676C25C}.Release|Any CPU.ActiveCfg = Release|Any CPU
		{0C8D7A66-613F-467D-A58B-CBB9D676C25C}.Release|Any CPU.Build.0 = Release|Any CPU
		{B64678EE-3493-4A44-9047-B4870C6FB70B}.Debug|Any CPU.ActiveCfg = Debug|Any CPU
		{B64678EE-3493-4A44-9047-B4870C6FB70B}.Debug|Any CPU.Build.0 = Debug|Any CPU
		{B64678EE-3493-4A44-9047-B4870C6FB70B}.Release|Any CPU.ActiveCfg = Release|Any CPU
		{B64678EE-3493-4A44-9047-B4870C6FB70B}.Release|Any CPU.Build.0 = Release|Any CPU
		{C458E529-1860-4063-9B7D-09C07F40D039}.Debug|Any CPU.ActiveCfg = Debug|Any CPU
		{C458E529-1860-4063-9B7D-09C07F40D039}.Debug|Any CPU.Build.0 = Debug|Any CPU
		{C458E529-1860-4063-9B7D-09C07F40D039}.Release|Any CPU.ActiveCfg = Release|Any CPU
		{C458E529-1860-4063-9B7D-09C07F40D039}.Release|Any CPU.Build.0 = Release|Any CPU
		{F42A6620-8CED-49A6-87FD-CA7266FAB9B6}.Debug|Any CPU.ActiveCfg = Debug|Any CPU
		{F42A6620-8CED-49A6-87FD-CA7266FAB9B6}.Debug|Any CPU.Build.0 = Debug|Any CPU
		{F42A6620-8CED-49A6-87FD-CA7266FAB9B6}.Release|Any CPU.ActiveCfg = Release|Any CPU
		{F42A6620-8CED-49A6-87FD-CA7266FAB9B6}.Release|Any CPU.Build.0 = Release|Any CPU
		{CCA61D03-133A-450E-86CE-4E68AED559F3}.Debug|Any CPU.ActiveCfg = Debug|Any CPU
		{CCA61D03-133A-450E-86CE-4E68AED559F3}.Debug|Any CPU.Build.0 = Debug|Any CPU
		{CCA61D03-133A-450E-86CE-4E68AED559F3}.Release|Any CPU.ActiveCfg = Release|Any CPU
		{CCA61D03-133A-450E-86CE-4E68AED559F3}.Release|Any CPU.Build.0 = Release|Any CPU
	EndGlobalSection
	GlobalSection(SolutionProperties) = preSolution
		HideSolutionNode = FALSE
	EndGlobalSection
	GlobalSection(NestedProjects) = preSolution
		{2EA00E2D-DC80-4F65-B50D-D198CFAD85E1} = {2D3C0E7D-FB94-4A1B-9869-98A75424BD96}
		{C1E15D46-FD1C-4C57-B36F-9EC68D035810} = {2D3C0E7D-FB94-4A1B-9869-98A75424BD96}
		{61DE9707-10C6-4C43-9440-BA8BD5CCD040} = {2D3C0E7D-FB94-4A1B-9869-98A75424BD96}
		{9E882B01-841B-4083-B05F-C813D53A3C0C} = {B2EE25DD-1C5E-4B44-812F-C0747DE82075}
		{FE91667A-9EA2-4B87-A271-1A51D0E20842} = {B2EE25DD-1C5E-4B44-812F-C0747DE82075}
		{911030F1-0956-4B52-9B61-C1E912CE3320} = {B2EE25DD-1C5E-4B44-812F-C0747DE82075}
		{14F29013-78D9-416E-AA71-E19BA7F1E380} = {B2EE25DD-1C5E-4B44-812F-C0747DE82075}
		{0C8D7A66-613F-467D-A58B-CBB9D676C25C} = {0E25ED87-32F2-4355-828C-65E8C2FD094E}
		{B64678EE-3493-4A44-9047-B4870C6FB70B} = {0E25ED87-32F2-4355-828C-65E8C2FD094E}
		{C458E529-1860-4063-9B7D-09C07F40D039} = {0E25ED87-32F2-4355-828C-65E8C2FD094E}
		{F42A6620-8CED-49A6-87FD-CA7266FAB9B6} = {849AD03D-9E97-4BCE-8B36-9E18B254496B}
		{CCA61D03-133A-450E-86CE-4E68AED559F3} = {1EA7D017-6B3C-4FD9-978F-BA6DC1D218D0}
	EndGlobalSection
	GlobalSection(ExtensibilityGlobals) = postSolution
		SolutionGuid = {9F1F0DF3-E1D8-4672-B1A0-B74E42940BC1}
	EndGlobalSection
EndGlobal
